
Microsoft Visual Studio Solution File, Format Version 12.00
# Visual Studio Version 16
VisualStudioVersion = 16.0.31025.194
MinimumVisualStudioVersion = 10.0.40219.1
Project("{FAE04EC0-301F-11D3-BF4B-00C04F79EFBC}") = "McAfeeFuturistic", "McAfeeFuturistic\McAfeeFuturistic.csproj", "{BA6CBF2C-6648-4FF0-A6FE-30E64434F333}"
EndProject
Global
	GlobalSection(SolutionConfigurationPlatforms) = preSolution
		Debug|Any CPU = Debug|Any CPU
		Release|Any CPU = Release|Any CPU
	EndGlobalSection
	GlobalSection(ProjectConfigurationPlatforms) = postSolution
		{BA6CBF2C-6648-4FF0-A6FE-30E64434F333}.Debug|Any CPU.ActiveCfg = Debug|Any CPU
		{BA6CBF2C-6648-4FF0-A6FE-30E64434F333}.Debug|Any CPU.Build.0 = Debug|Any CPU
		{BA6CBF2C-6648-4FF0-A6FE-30E64434F333}.Release|Any CPU.ActiveCfg = Release|Any CPU
		{BA6CBF2C-6648-4FF0-A6FE-30E64434F333}.Release|Any CPU.Build.0 = Release|Any CPU
	EndGlobalSection
	GlobalSection(SolutionProperties) = preSolution
		HideSolutionNode = FALSE
	EndGlobalSection
	GlobalSection(ExtensibilityGlobals) = postSolution
		SolutionGuid = {0E3C96DE-1341-44E0-8E9E-8AD819ED2379}
	EndGlobalSection
EndGlobal
