
Microsoft Visual Studio Solution File, Format Version 12.00
# Visual Studio Version 16
VisualStudioVersion = 16.0.31025.194
MinimumVisualStudioVersion = 10.0.40219.1
Project("{FAE04EC0-301F-11D3-BF4B-00C04F79EFBC}") = "UserManagerCleanDashboard", "UserManagerCleanDashboard\UserManagerCleanDashboard.csproj", "{D6375952-BF21-43B9-BB2C-2FB6BC145B96}"
EndProject
Global
	GlobalSection(SolutionConfigurationPlatforms) = preSolution
		Debug|Any CPU = Debug|Any CPU
		Release|Any CPU = Release|Any CPU
	EndGlobalSection
	GlobalSection(ProjectConfigurationPlatforms) = postSolution
		{D6375952-BF21-43B9-BB2C-2FB6BC145B96}.Debug|Any CPU.ActiveCfg = Debug|Any CPU
		{D6375952-BF21-43B9-BB2C-2FB6BC145B96}.Debug|Any CPU.Build.0 = Debug|Any CPU
		{D6375952-BF21-43B9-BB2C-2FB6BC145B96}.Release|Any CPU.ActiveCfg = Release|Any CPU
		{D6375952-BF21-43B9-BB2C-2FB6BC145B96}.Release|Any CPU.Build.0 = Release|Any CPU
	EndGlobalSection
	GlobalSection(SolutionProperties) = preSolution
		HideSolutionNode = FALSE
	EndGlobalSection
	GlobalSection(ExtensibilityGlobals) = postSolution
		SolutionGuid = {66173013-4538-44E3-9069-1E522D9D1C7C}
	EndGlobalSection
EndGlobal
