
Microsoft Visual Studio Solution File, Format Version 12.00
# Visual Studio Version 16
VisualStudioVersion = 16.0.31025.194
MinimumVisualStudioVersion = 10.0.40219.1
Project("{FAE04EC0-301F-11D3-BF4B-00C04F79EFBC}") = "BitcoinWalletUi", "BitcoinWalletUi\BitcoinWalletUi.csproj", "{F2FA0506-46BE-4C9E-9F6F-F65A2514A490}"
EndProject
Global
	GlobalSection(SolutionConfigurationPlatforms) = preSolution
		Debug|Any CPU = Debug|Any CPU
		Release|Any CPU = Release|Any CPU
	EndGlobalSection
	GlobalSection(ProjectConfigurationPlatforms) = postSolution
		{F2FA0506-46BE-4C9E-9F6F-F65A2514A490}.Debug|Any CPU.ActiveCfg = Debug|Any CPU
		{F2FA0506-46BE-4C9E-9F6F-F65A2514A490}.Debug|Any CPU.Build.0 = Debug|Any CPU
		{F2FA0506-46BE-4C9E-9F6F-F65A2514A490}.Release|Any CPU.ActiveCfg = Release|Any CPU
		{F2FA0506-46BE-4C9E-9F6F-F65A2514A490}.Release|Any CPU.Build.0 = Release|Any CPU
	EndGlobalSection
	GlobalSection(SolutionProperties) = preSolution
		HideSolutionNode = FALSE
	EndGlobalSection
	GlobalSection(ExtensibilityGlobals) = postSolution
		SolutionGuid = {EBD12E92-8595-4E73-BF88-C839BE061F09}
	EndGlobalSection
EndGlobal
